# This file is automatically @generated by Cargo.
# It is not intended for manual editing.
version = 3

[[package]]
name = "app"
version = "0.1.0"
dependencies = [
 "app-core",
 "plugin",
]

[[package]]
name = "app-core"
version = "0.1.0"

[[package]]
name = "plugin"
version = "0.1.0"
dependencies = [
 "app-core",
]
